
Microsoft Visual Studio Solution File, Format Version 12.00
# Visual Studio Version 16
VisualStudioVersion = 16.0.32228.343
MinimumVisualStudioVersion = 10.0.40219.1
Project("{FAE04EC0-301F-11D3-BF4B-00C04F79EFBC}") = "ST10085640-ICE-TASK1", "ST10085640-ICE-TASK1\ST10085640-ICE-TASK1.csproj", "{0E1CB94E-D3B7-4F43-A91C-43217ADAFE94}"
EndProject
Global
	GlobalSection(SolutionConfigurationPlatforms) = preSolution
		Debug|Any CPU = Debug|Any CPU
		Release|Any CPU = Release|Any CPU
	EndGlobalSection
	GlobalSection(ProjectConfigurationPlatforms) = postSolution
		{0E1CB94E-D3B7-4F43-A91C-43217ADAFE94}.Debug|Any CPU.ActiveCfg = Debug|Any CPU
		{0E1CB94E-D3B7-4F43-A91C-43217ADAFE94}.Debug|Any CPU.Build.0 = Debug|Any CPU
		{0E1CB94E-D3B7-4F43-A91C-43217ADAFE94}.Release|Any CPU.ActiveCfg = Release|Any CPU
		{0E1CB94E-D3B7-4F43-A91C-43217ADAFE94}.Release|Any CPU.Build.0 = Release|Any CPU
	EndGlobalSection
	GlobalSection(SolutionProperties) = preSolution
		HideSolutionNode = FALSE
	EndGlobalSection
	GlobalSection(ExtensibilityGlobals) = postSolution
		SolutionGuid = {1E8D46E8-2686-45F8-B90E-59E4B40AF029}
	EndGlobalSection
EndGlobal
